
Microsoft Visual Studio Solution File, Format Version 11.00
# Visual C++ Express 2010
Project("{8BC9CEB8-8B4A-11D0-8D11-00A0C91BC942}") = "liblegion", "liblegion.vcxproj", "{AD30A71F-E824-4E6A-81B1-885694566274}"
EndProject
Project("{8BC9CEB8-8B4A-11D0-8D11-00A0C91BC942}") = "Legion", "Legion.vcxproj", "{D9984D1B-5290-4CDB-80F8-84489DF0E674}"
EndProject
Global
	GlobalSection(SolutionConfigurationPlatforms) = preSolution
		Debug|Win32 = Debug|Win32
		Release|Win32 = Release|Win32
	EndGlobalSection
	GlobalSection(ProjectConfigurationPlatforms) = postSolution
		{AD30A71F-E824-4E6A-81B1-885694566274}.Debug|Win32.ActiveCfg = Debug|Win32
		{AD30A71F-E824-4E6A-81B1-885694566274}.Debug|Win32.Build.0 = Debug|Win32
		{AD30A71F-E824-4E6A-81B1-885694566274}.Release|Win32.ActiveCfg = Release|Win32
		{AD30A71F-E824-4E6A-81B1-885694566274}.Release|Win32.Build.0 = Release|Win32
		{D9984D1B-5290-4CDB-80F8-84489DF0E674}.Debug|Win32.ActiveCfg = Debug|Win32
		{D9984D1B-5290-4CDB-80F8-84489DF0E674}.Debug|Win32.Build.0 = Debug|Win32
		{D9984D1B-5290-4CDB-80F8-84489DF0E674}.Release|Win32.ActiveCfg = Release|Win32
		{D9984D1B-5290-4CDB-80F8-84489DF0E674}.Release|Win32.Build.0 = Release|Win32
	EndGlobalSection
	GlobalSection(SolutionProperties) = preSolution
		HideSolutionNode = FALSE
	EndGlobalSection
EndGlobal
